
Microsoft Visual Studio Solution File, Format Version 12.00
# Visual Studio Version 17
VisualStudioVersion = 17.4.33213.308
MinimumVisualStudioVersion = 10.0.40219.1
Project("{9A19103F-16F7-4668-BE54-9A1E7A4F7556}") = "Aula01.1", "Aula01.1\Aula01.1.csproj", "{F6EC99F5-9270-4DA9-8A3F-53A5E6F50DA3}"
EndProject
Project("{9A19103F-16F7-4668-BE54-9A1E7A4F7556}") = "Aula02.1", "Aula02.1\Aula02.1.csproj", "{3392E4B1-EB56-4532-9B8B-6995B0B4A154}"
EndProject
Project("{9A19103F-16F7-4668-BE54-9A1E7A4F7556}") = "Aula02.2", "Aula02.2\Aula02.2.csproj", "{F1E8FC39-026F-40FB-BBE9-E779E2282254}"
EndProject
Project("{9A19103F-16F7-4668-BE54-9A1E7A4F7556}") = "Aula02.3", "Aula02.3\Aula02.3.csproj", "{82093BD0-9EE5-48DA-8E36-4111BF39F5CE}"
EndProject
Project("{9A19103F-16F7-4668-BE54-9A1E7A4F7556}") = "Aula03.1", "Aula03.1\Aula03.1.csproj", "{955D6739-57A1-4CCA-B6A4-40B33DD0C3ED}"
EndProject
Project("{9A19103F-16F7-4668-BE54-9A1E7A4F7556}") = "Aula03.2", "Aula03.2\Aula03.2.csproj", "{193AA56C-A9A3-4CEE-8A36-005DAD6AE51E}"
EndProject
Project("{9A19103F-16F7-4668-BE54-9A1E7A4F7556}") = "Aula04.1", "Aula04.1\Aula04.1.csproj", "{0478D394-6A52-43CB-9500-EB585246858B}"
EndProject
Project("{9A19103F-16F7-4668-BE54-9A1E7A4F7556}") = "Aula05.1", "Aula05.1\Aula05.1.csproj", "{CB7F1ED0-4EA7-4CB7-8E94-8B0DD61F4ACA}"
EndProject
Project("{9A19103F-16F7-4668-BE54-9A1E7A4F7556}") = "Aula05.1.2", "Aula05.1.2\Aula05.1.2.csproj", "{12BD0548-C4F1-4090-922C-2926C5F1C46E}"
EndProject
Project("{9A19103F-16F7-4668-BE54-9A1E7A4F7556}") = "Aula06.1", "Aula06.1\Aula06.1.csproj", "{463E38DF-845B-43C9-9112-2C143C525302}"
EndProject
Project("{9A19103F-16F7-4668-BE54-9A1E7A4F7556}") = "Aula07.1", "Aula07.1\Aula07.1.csproj", "{7868CD61-59A8-4CDA-9B82-BD4C16E5F2BC}"
EndProject
Project("{9A19103F-16F7-4668-BE54-9A1E7A4F7556}") = "Aula07.2", "Aula07.2\Aula07.2.csproj", "{DA59C6CC-AB58-4813-845E-FD50034C3E15}"
EndProject
Project("{9A19103F-16F7-4668-BE54-9A1E7A4F7556}") = "Aula07.3", "Aula07.3\Aula07.3.csproj", "{CC4DBFDE-2AE3-4C9A-B029-078CD07AAD57}"
EndProject
Project("{9A19103F-16F7-4668-BE54-9A1E7A4F7556}") = "Aula08.1", "Aula08.1\Aula08.1.csproj", "{B594DE4A-C401-4A06-91DD-131C1C4DE52B}"
EndProject
Project("{9A19103F-16F7-4668-BE54-9A1E7A4F7556}") = "Aula09.1", "Aula09.1\Aula09.1.csproj", "{0E7AC6F6-158F-478C-BCD2-FB51F4A6E7CD}"
EndProject
Project("{9A19103F-16F7-4668-BE54-9A1E7A4F7556}") = "Aula09.2", "Aula09.2\Aula09.2.csproj", "{239BB089-7B11-4B12-AC31-A8B1B1F7B332}"
EndProject
Project("{9A19103F-16F7-4668-BE54-9A1E7A4F7556}") = "Aula09.3", "Aula09.3\Aula09.3.csproj", "{96580A90-FBA4-40A2-A17A-6F7CF4736253}"
EndProject
Project("{9A19103F-16F7-4668-BE54-9A1E7A4F7556}") = "Aula10.1", "Aula10.1\Aula10.1.csproj", "{5F825D37-9E7E-46C6-9C4B-B31B959A96C0}"
EndProject
Project("{9A19103F-16F7-4668-BE54-9A1E7A4F7556}") = "Aula11.1", "Aula11.1\Aula11.1.csproj", "{28728819-B2A3-4766-B1EB-8138CF87FAA1}"
EndProject
Project("{9A19103F-16F7-4668-BE54-9A1E7A4F7556}") = "Prova1TurmaA", "Prova1TurmaA\Prova1TurmaA.csproj", "{10358358-81A2-4475-A37E-FA91985ECB83}"
EndProject
Project("{9A19103F-16F7-4668-BE54-9A1E7A4F7556}") = "Aula12.1", "Aula12.1\Aula12.1.csproj", "{FDAD9DD5-9F99-4B29-86C7-74CED5A71C23}"
EndProject
Project("{FAE04EC0-301F-11D3-BF4B-00C04F79EFBC}") = "Prova2TurmaB", "Prova2TurmaB\Prova2TurmaB.csproj", "{C9D5FBA1-F6F9-4607-919E-AD32BDB9E1E4}"
EndProject
Global
	GlobalSection(SolutionConfigurationPlatforms) = preSolution
		Debug|Any CPU = Debug|Any CPU
		Release|Any CPU = Release|Any CPU
	EndGlobalSection
	GlobalSection(ProjectConfigurationPlatforms) = postSolution
		{F6EC99F5-9270-4DA9-8A3F-53A5E6F50DA3}.Debug|Any CPU.ActiveCfg = Debug|Any CPU
		{F6EC99F5-9270-4DA9-8A3F-53A5E6F50DA3}.Debug|Any CPU.Build.0 = Debug|Any CPU
		{F6EC99F5-9270-4DA9-8A3F-53A5E6F50DA3}.Release|Any CPU.ActiveCfg = Release|Any CPU
		{F6EC99F5-9270-4DA9-8A3F-53A5E6F50DA3}.Release|Any CPU.Build.0 = Release|Any CPU
		{3392E4B1-EB56-4532-9B8B-6995B0B4A154}.Debug|Any CPU.ActiveCfg = Debug|Any CPU
		{3392E4B1-EB56-4532-9B8B-6995B0B4A154}.Debug|Any CPU.Build.0 = Debug|Any CPU
		{3392E4B1-EB56-4532-9B8B-6995B0B4A154}.Release|Any CPU.ActiveCfg = Release|Any CPU
		{3392E4B1-EB56-4532-9B8B-6995B0B4A154}.Release|Any CPU.Build.0 = Release|Any CPU
		{F1E8FC39-026F-40FB-BBE9-E779E2282254}.Debug|Any CPU.ActiveCfg = Debug|Any CPU
		{F1E8FC39-026F-40FB-BBE9-E779E2282254}.Debug|Any CPU.Build.0 = Debug|Any CPU
		{F1E8FC39-026F-40FB-BBE9-E779E2282254}.Release|Any CPU.ActiveCfg = Release|Any CPU
		{F1E8FC39-026F-40FB-BBE9-E779E2282254}.Release|Any CPU.Build.0 = Release|Any CPU
		{82093BD0-9EE5-48DA-8E36-4111BF39F5CE}.Debug|Any CPU.ActiveCfg = Debug|Any CPU
		{82093BD0-9EE5-48DA-8E36-4111BF39F5CE}.Debug|Any CPU.Build.0 = Debug|Any CPU
		{82093BD0-9EE5-48DA-8E36-4111BF39F5CE}.Release|Any CPU.ActiveCfg = Release|Any CPU
		{82093BD0-9EE5-48DA-8E36-4111BF39F5CE}.Release|Any CPU.Build.0 = Release|Any CPU
		{955D6739-57A1-4CCA-B6A4-40B33DD0C3ED}.Debug|Any CPU.ActiveCfg = Debug|Any CPU
		{955D6739-57A1-4CCA-B6A4-40B33DD0C3ED}.Debug|Any CPU.Build.0 = Debug|Any CPU
		{955D6739-57A1-4CCA-B6A4-40B33DD0C3ED}.Release|Any CPU.ActiveCfg = Release|Any CPU
		{955D6739-57A1-4CCA-B6A4-40B33DD0C3ED}.Release|Any CPU.Build.0 = Release|Any CPU
		{193AA56C-A9A3-4CEE-8A36-005DAD6AE51E}.Debug|Any CPU.ActiveCfg = Debug|Any CPU
		{193AA56C-A9A3-4CEE-8A36-005DAD6AE51E}.Debug|Any CPU.Build.0 = Debug|Any CPU
		{193AA56C-A9A3-4CEE-8A36-005DAD6AE51E}.Release|Any CPU.ActiveCfg = Release|Any CPU
		{193AA56C-A9A3-4CEE-8A36-005DAD6AE51E}.Release|Any CPU.Build.0 = Release|Any CPU
		{0478D394-6A52-43CB-9500-EB585246858B}.Debug|Any CPU.ActiveCfg = Debug|Any CPU
		{0478D394-6A52-43CB-9500-EB585246858B}.Debug|Any CPU.Build.0 = Debug|Any CPU
		{0478D394-6A52-43CB-9500-EB585246858B}.Release|Any CPU.ActiveCfg = Release|Any CPU
		{0478D394-6A52-43CB-9500-EB585246858B}.Release|Any CPU.Build.0 = Release|Any CPU
		{CB7F1ED0-4EA7-4CB7-8E94-8B0DD61F4ACA}.Debug|Any CPU.ActiveCfg = Debug|Any CPU
		{CB7F1ED0-4EA7-4CB7-8E94-8B0DD61F4ACA}.Debug|Any CPU.Build.0 = Debug|Any CPU
		{CB7F1ED0-4EA7-4CB7-8E94-8B0DD61F4ACA}.Release|Any CPU.ActiveCfg = Release|Any CPU
		{CB7F1ED0-4EA7-4CB7-8E94-8B0DD61F4ACA}.Release|Any CPU.Build.0 = Release|Any CPU
		{12BD0548-C4F1-4090-922C-2926C5F1C46E}.Debug|Any CPU.ActiveCfg = Debug|Any CPU
		{12BD0548-C4F1-4090-922C-2926C5F1C46E}.Debug|Any CPU.Build.0 = Debug|Any CPU
		{12BD0548-C4F1-4090-922C-2926C5F1C46E}.Release|Any CPU.ActiveCfg = Release|Any CPU
		{12BD0548-C4F1-4090-922C-2926C5F1C46E}.Release|Any CPU.Build.0 = Release|Any CPU
		{463E38DF-845B-43C9-9112-2C143C525302}.Debug|Any CPU.ActiveCfg = Debug|Any CPU
		{463E38DF-845B-43C9-9112-2C143C525302}.Debug|Any CPU.Build.0 = Debug|Any CPU
		{463E38DF-845B-43C9-9112-2C143C525302}.Release|Any CPU.ActiveCfg = Release|Any CPU
		{463E38DF-845B-43C9-9112-2C143C525302}.Release|Any CPU.Build.0 = Release|Any CPU
		{7868CD61-59A8-4CDA-9B82-BD4C16E5F2BC}.Debug|Any CPU.ActiveCfg = Debug|Any CPU
		{7868CD61-59A8-4CDA-9B82-BD4C16E5F2BC}.Debug|Any CPU.Build.0 = Debug|Any CPU
		{7868CD61-59A8-4CDA-9B82-BD4C16E5F2BC}.Release|Any CPU.ActiveCfg = Release|Any CPU
		{7868CD61-59A8-4CDA-9B82-BD4C16E5F2BC}.Release|Any CPU.Build.0 = Release|Any CPU
		{DA59C6CC-AB58-4813-845E-FD50034C3E15}.Debug|Any CPU.ActiveCfg = Debug|Any CPU
		{DA59C6CC-AB58-4813-845E-FD50034C3E15}.Debug|Any CPU.Build.0 = Debug|Any CPU
		{DA59C6CC-AB58-4813-845E-FD50034C3E15}.Release|Any CPU.ActiveCfg = Release|Any CPU
		{DA59C6CC-AB58-4813-845E-FD50034C3E15}.Release|Any CPU.Build.0 = Release|Any CPU
		{CC4DBFDE-2AE3-4C9A-B029-078CD07AAD57}.Debug|Any CPU.ActiveCfg = Debug|Any CPU
		{CC4DBFDE-2AE3-4C9A-B029-078CD07AAD57}.Debug|Any CPU.Build.0 = Debug|Any CPU
		{CC4DBFDE-2AE3-4C9A-B029-078CD07AAD57}.Release|Any CPU.ActiveCfg = Release|Any CPU
		{CC4DBFDE-2AE3-4C9A-B029-078CD07AAD57}.Release|Any CPU.Build.0 = Release|Any CPU
		{B594DE4A-C401-4A06-91DD-131C1C4DE52B}.Debug|Any CPU.ActiveCfg = Debug|Any CPU
		{B594DE4A-C401-4A06-91DD-131C1C4DE52B}.Debug|Any CPU.Build.0 = Debug|Any CPU
		{B594DE4A-C401-4A06-91DD-131C1C4DE52B}.Release|Any CPU.ActiveCfg = Release|Any CPU
		{B594DE4A-C401-4A06-91DD-131C1C4DE52B}.Release|Any CPU.Build.0 = Release|Any CPU
		{0E7AC6F6-158F-478C-BCD2-FB51F4A6E7CD}.Debug|Any CPU.ActiveCfg = Debug|Any CPU
		{0E7AC6F6-158F-478C-BCD2-FB51F4A6E7CD}.Debug|Any CPU.Build.0 = Debug|Any CPU
		{0E7AC6F6-158F-478C-BCD2-FB51F4A6E7CD}.Release|Any CPU.ActiveCfg = Release|Any CPU
		{0E7AC6F6-158F-478C-BCD2-FB51F4A6E7CD}.Release|Any CPU.Build.0 = Release|Any CPU
		{239BB089-7B11-4B12-AC31-A8B1B1F7B332}.Debug|Any CPU.ActiveCfg = Debug|Any CPU
		{239BB089-7B11-4B12-AC31-A8B1B1F7B332}.Debug|Any CPU.Build.0 = Debug|Any CPU
		{239BB089-7B11-4B12-AC31-A8B1B1F7B332}.Release|Any CPU.ActiveCfg = Release|Any CPU
		{239BB089-7B11-4B12-AC31-A8B1B1F7B332}.Release|Any CPU.Build.0 = Release|Any CPU
		{96580A90-FBA4-40A2-A17A-6F7CF4736253}.Debug|Any CPU.ActiveCfg = Debug|Any CPU
		{96580A90-FBA4-40A2-A17A-6F7CF4736253}.Debug|Any CPU.Build.0 = Debug|Any CPU
		{96580A90-FBA4-40A2-A17A-6F7CF4736253}.Release|Any CPU.ActiveCfg = Release|Any CPU
		{96580A90-FBA4-40A2-A17A-6F7CF4736253}.Release|Any CPU.Build.0 = Release|Any CPU
		{5F825D37-9E7E-46C6-9C4B-B31B959A96C0}.Debug|Any CPU.ActiveCfg = Debug|Any CPU
		{5F825D37-9E7E-46C6-9C4B-B31B959A96C0}.Debug|Any CPU.Build.0 = Debug|Any CPU
		{5F825D37-9E7E-46C6-9C4B-B31B959A96C0}.Release|Any CPU.ActiveCfg = Release|Any CPU
		{5F825D37-9E7E-46C6-9C4B-B31B959A96C0}.Release|Any CPU.Build.0 = Release|Any CPU
		{28728819-B2A3-4766-B1EB-8138CF87FAA1}.Debug|Any CPU.ActiveCfg = Debug|Any CPU
		{28728819-B2A3-4766-B1EB-8138CF87FAA1}.Debug|Any CPU.Build.0 = Debug|Any CPU
		{28728819-B2A3-4766-B1EB-8138CF87FAA1}.Release|Any CPU.ActiveCfg = Release|Any CPU
		{28728819-B2A3-4766-B1EB-8138CF87FAA1}.Release|Any CPU.Build.0 = Release|Any CPU
		{10358358-81A2-4475-A37E-FA91985ECB83}.Debug|Any CPU.ActiveCfg = Debug|Any CPU
		{10358358-81A2-4475-A37E-FA91985ECB83}.Debug|Any CPU.Build.0 = Debug|Any CPU
		{10358358-81A2-4475-A37E-FA91985ECB83}.Release|Any CPU.ActiveCfg = Release|Any CPU
		{10358358-81A2-4475-A37E-FA91985ECB83}.Release|Any CPU.Build.0 = Release|Any CPU
		{FDAD9DD5-9F99-4B29-86C7-74CED5A71C23}.Debug|Any CPU.ActiveCfg = Debug|Any CPU
		{FDAD9DD5-9F99-4B29-86C7-74CED5A71C23}.Debug|Any CPU.Build.0 = Debug|Any CPU
		{FDAD9DD5-9F99-4B29-86C7-74CED5A71C23}.Release|Any CPU.ActiveCfg = Release|Any CPU
		{FDAD9DD5-9F99-4B29-86C7-74CED5A71C23}.Release|Any CPU.Build.0 = Release|Any CPU
		{C9D5FBA1-F6F9-4607-919E-AD32BDB9E1E4}.Debug|Any CPU.ActiveCfg = Debug|Any CPU
		{C9D5FBA1-F6F9-4607-919E-AD32BDB9E1E4}.Debug|Any CPU.Build.0 = Debug|Any CPU
		{C9D5FBA1-F6F9-4607-919E-AD32BDB9E1E4}.Release|Any CPU.ActiveCfg = Release|Any CPU
		{C9D5FBA1-F6F9-4607-919E-AD32BDB9E1E4}.Release|Any CPU.Build.0 = Release|Any CPU
	EndGlobalSection
	GlobalSection(SolutionProperties) = preSolution
		HideSolutionNode = FALSE
	EndGlobalSection
	GlobalSection(ExtensibilityGlobals) = postSolution
		SolutionGuid = {DFEB443B-D7B8-4CFB-BCE2-65E13FEF4E7B}
	EndGlobalSection
EndGlobal
