
Microsoft Visual Studio Solution File, Format Version 12.00
# Visual Studio Version 17
VisualStudioVersion = 17.4.33213.308
MinimumVisualStudioVersion = 10.0.40219.1
Project("{9A19103F-16F7-4668-BE54-9A1E7A4F7556}") = "Aula01", "Aula01\Aula01.csproj", "{E043BEF8-D2E7-4410-A726-3041CEC97F82}"
EndProject
Project("{9A19103F-16F7-4668-BE54-9A1E7A4F7556}") = "Aula02", "Aula02\Aula02.csproj", "{CFBE59F0-B552-4242-B179-14776EC8F238}"
EndProject
Project("{9A19103F-16F7-4668-BE54-9A1E7A4F7556}") = "Aula03", "Aula03\Aula03.csproj", "{7E48BB65-D50D-484F-BD71-0A9D651F0868}"
EndProject
Project("{9A19103F-16F7-4668-BE54-9A1E7A4F7556}") = "Aula03.2", "Aula03.2\Aula03.2.csproj", "{7AEF21C5-1B73-48C5-98A3-33B1A5AF9896}"
EndProject
Project("{9A19103F-16F7-4668-BE54-9A1E7A4F7556}") = "Aula04", "Aula04\Aula04.csproj", "{FAE8A2D5-2C45-4983-92D5-F718F67B8ADF}"
EndProject
Project("{9A19103F-16F7-4668-BE54-9A1E7A4F7556}") = "Aula05", "Aula05\Aula05.csproj", "{4D08CED5-83BC-4D68-9EF2-331D4F5C9F07}"
EndProject
Project("{9A19103F-16F7-4668-BE54-9A1E7A4F7556}") = "Aula05Op2", "Aula05Op2\Aula05Op2.csproj", "{F143876B-6A7F-4EF8-8258-A6528AB8A0CF}"
EndProject
Project("{9A19103F-16F7-4668-BE54-9A1E7A4F7556}") = "Aula06", "Aula06\Aula06.csproj", "{F5C1A92A-724F-462A-A9C6-FF8A04139DFF}"
EndProject
Project("{9A19103F-16F7-4668-BE54-9A1E7A4F7556}") = "Aula07.1", "Aula07.1\Aula07.1.csproj", "{EACFF645-28DA-412B-B932-B0AB56C2D93A}"
EndProject
Project("{9A19103F-16F7-4668-BE54-9A1E7A4F7556}") = "Aula07.2", "Aula07.2\Aula07.2.csproj", "{99A1E9ED-371E-4459-9838-336C3D1BE073}"
EndProject
Project("{9A19103F-16F7-4668-BE54-9A1E7A4F7556}") = "Aula07.3", "Aula07.3\Aula07.3.csproj", "{D5BA81D7-4CA1-420D-ACD8-62B46BACE076}"
EndProject
Project("{9A19103F-16F7-4668-BE54-9A1E7A4F7556}") = "ProvaTurmaA", "Prova1\ProvaTurmaA.csproj", "{12501CD6-82A8-4DF3-8AAD-AA697B9E2CB5}"
EndProject
Project("{FAE04EC0-301F-11D3-BF4B-00C04F79EFBC}") = "Aula08", "Aula08\Aula08.csproj", "{6368E742-E5BD-4FB1-B8D3-FFE02FD64B39}"
EndProject
Global
	GlobalSection(SolutionConfigurationPlatforms) = preSolution
		Debug|Any CPU = Debug|Any CPU
		Release|Any CPU = Release|Any CPU
	EndGlobalSection
	GlobalSection(ProjectConfigurationPlatforms) = postSolution
		{E043BEF8-D2E7-4410-A726-3041CEC97F82}.Debug|Any CPU.ActiveCfg = Debug|Any CPU
		{E043BEF8-D2E7-4410-A726-3041CEC97F82}.Debug|Any CPU.Build.0 = Debug|Any CPU
		{E043BEF8-D2E7-4410-A726-3041CEC97F82}.Release|Any CPU.ActiveCfg = Release|Any CPU
		{E043BEF8-D2E7-4410-A726-3041CEC97F82}.Release|Any CPU.Build.0 = Release|Any CPU
		{CFBE59F0-B552-4242-B179-14776EC8F238}.Debug|Any CPU.ActiveCfg = Debug|Any CPU
		{CFBE59F0-B552-4242-B179-14776EC8F238}.Debug|Any CPU.Build.0 = Debug|Any CPU
		{CFBE59F0-B552-4242-B179-14776EC8F238}.Release|Any CPU.ActiveCfg = Release|Any CPU
		{CFBE59F0-B552-4242-B179-14776EC8F238}.Release|Any CPU.Build.0 = Release|Any CPU
		{7E48BB65-D50D-484F-BD71-0A9D651F0868}.Debug|Any CPU.ActiveCfg = Debug|Any CPU
		{7E48BB65-D50D-484F-BD71-0A9D651F0868}.Debug|Any CPU.Build.0 = Debug|Any CPU
		{7E48BB65-D50D-484F-BD71-0A9D651F0868}.Release|Any CPU.ActiveCfg = Release|Any CPU
		{7E48BB65-D50D-484F-BD71-0A9D651F0868}.Release|Any CPU.Build.0 = Release|Any CPU
		{7AEF21C5-1B73-48C5-98A3-33B1A5AF9896}.Debug|Any CPU.ActiveCfg = Debug|Any CPU
		{7AEF21C5-1B73-48C5-98A3-33B1A5AF9896}.Debug|Any CPU.Build.0 = Debug|Any CPU
		{7AEF21C5-1B73-48C5-98A3-33B1A5AF9896}.Release|Any CPU.ActiveCfg = Release|Any CPU
		{7AEF21C5-1B73-48C5-98A3-33B1A5AF9896}.Release|Any CPU.Build.0 = Release|Any CPU
		{FAE8A2D5-2C45-4983-92D5-F718F67B8ADF}.Debug|Any CPU.ActiveCfg = Debug|Any CPU
		{FAE8A2D5-2C45-4983-92D5-F718F67B8ADF}.Debug|Any CPU.Build.0 = Debug|Any CPU
		{FAE8A2D5-2C45-4983-92D5-F718F67B8ADF}.Release|Any CPU.ActiveCfg = Release|Any CPU
		{FAE8A2D5-2C45-4983-92D5-F718F67B8ADF}.Release|Any CPU.Build.0 = Release|Any CPU
		{4D08CED5-83BC-4D68-9EF2-331D4F5C9F07}.Debug|Any CPU.ActiveCfg = Debug|Any CPU
		{4D08CED5-83BC-4D68-9EF2-331D4F5C9F07}.Debug|Any CPU.Build.0 = Debug|Any CPU
		{4D08CED5-83BC-4D68-9EF2-331D4F5C9F07}.Release|Any CPU.ActiveCfg = Release|Any CPU
		{4D08CED5-83BC-4D68-9EF2-331D4F5C9F07}.Release|Any CPU.Build.0 = Release|Any CPU
		{F143876B-6A7F-4EF8-8258-A6528AB8A0CF}.Debug|Any CPU.ActiveCfg = Debug|Any CPU
		{F143876B-6A7F-4EF8-8258-A6528AB8A0CF}.Debug|Any CPU.Build.0 = Debug|Any CPU
		{F143876B-6A7F-4EF8-8258-A6528AB8A0CF}.Release|Any CPU.ActiveCfg = Release|Any CPU
		{F143876B-6A7F-4EF8-8258-A6528AB8A0CF}.Release|Any CPU.Build.0 = Release|Any CPU
		{F5C1A92A-724F-462A-A9C6-FF8A04139DFF}.Debug|Any CPU.ActiveCfg = Debug|Any CPU
		{F5C1A92A-724F-462A-A9C6-FF8A04139DFF}.Debug|Any CPU.Build.0 = Debug|Any CPU
		{F5C1A92A-724F-462A-A9C6-FF8A04139DFF}.Release|Any CPU.ActiveCfg = Release|Any CPU
		{F5C1A92A-724F-462A-A9C6-FF8A04139DFF}.Release|Any CPU.Build.0 = Release|Any CPU
		{EACFF645-28DA-412B-B932-B0AB56C2D93A}.Debug|Any CPU.ActiveCfg = Debug|Any CPU
		{EACFF645-28DA-412B-B932-B0AB56C2D93A}.Debug|Any CPU.Build.0 = Debug|Any CPU
		{EACFF645-28DA-412B-B932-B0AB56C2D93A}.Release|Any CPU.ActiveCfg = Release|Any CPU
		{EACFF645-28DA-412B-B932-B0AB56C2D93A}.Release|Any CPU.Build.0 = Release|Any CPU
		{99A1E9ED-371E-4459-9838-336C3D1BE073}.Debug|Any CPU.ActiveCfg = Debug|Any CPU
		{99A1E9ED-371E-4459-9838-336C3D1BE073}.Debug|Any CPU.Build.0 = Debug|Any CPU
		{99A1E9ED-371E-4459-9838-336C3D1BE073}.Release|Any CPU.ActiveCfg = Release|Any CPU
		{99A1E9ED-371E-4459-9838-336C3D1BE073}.Release|Any CPU.Build.0 = Release|Any CPU
		{D5BA81D7-4CA1-420D-ACD8-62B46BACE076}.Debug|Any CPU.ActiveCfg = Debug|Any CPU
		{D5BA81D7-4CA1-420D-ACD8-62B46BACE076}.Debug|Any CPU.Build.0 = Debug|Any CPU
		{D5BA81D7-4CA1-420D-ACD8-62B46BACE076}.Release|Any CPU.ActiveCfg = Release|Any CPU
		{D5BA81D7-4CA1-420D-ACD8-62B46BACE076}.Release|Any CPU.Build.0 = Release|Any CPU
		{12501CD6-82A8-4DF3-8AAD-AA697B9E2CB5}.Debug|Any CPU.ActiveCfg = Debug|Any CPU
		{12501CD6-82A8-4DF3-8AAD-AA697B9E2CB5}.Debug|Any CPU.Build.0 = Debug|Any CPU
		{12501CD6-82A8-4DF3-8AAD-AA697B9E2CB5}.Release|Any CPU.ActiveCfg = Release|Any CPU
		{12501CD6-82A8-4DF3-8AAD-AA697B9E2CB5}.Release|Any CPU.Build.0 = Release|Any CPU
		{6368E742-E5BD-4FB1-B8D3-FFE02FD64B39}.Debug|Any CPU.ActiveCfg = Debug|Any CPU
		{6368E742-E5BD-4FB1-B8D3-FFE02FD64B39}.Debug|Any CPU.Build.0 = Debug|Any CPU
		{6368E742-E5BD-4FB1-B8D3-FFE02FD64B39}.Release|Any CPU.ActiveCfg = Release|Any CPU
		{6368E742-E5BD-4FB1-B8D3-FFE02FD64B39}.Release|Any CPU.Build.0 = Release|Any CPU
	EndGlobalSection
	GlobalSection(SolutionProperties) = preSolution
		HideSolutionNode = FALSE
	EndGlobalSection
	GlobalSection(ExtensibilityGlobals) = postSolution
		SolutionGuid = {DFEB443B-D7B8-4CFB-BCE2-65E13FEF4E7B}
	EndGlobalSection
EndGlobal
