
Microsoft Visual Studio Solution File, Format Version 12.00
# Visual Studio Version 17
VisualStudioVersion = 17.4.33213.308
MinimumVisualStudioVersion = 10.0.40219.1
Project("{FAE04EC0-301F-11D3-BF4B-00C04F79EFBC}") = "Aula01.1", "Aula01.1\Aula01.1.csproj", "{F6EC99F5-9270-4DA9-8A3F-53A5E6F50DA3}"
EndProject
Global
	GlobalSection(SolutionConfigurationPlatforms) = preSolution
		Debug|Any CPU = Debug|Any CPU
		Release|Any CPU = Release|Any CPU
	EndGlobalSection
	GlobalSection(ProjectConfigurationPlatforms) = postSolution
		{F6EC99F5-9270-4DA9-8A3F-53A5E6F50DA3}.Debug|Any CPU.ActiveCfg = Debug|Any CPU
		{F6EC99F5-9270-4DA9-8A3F-53A5E6F50DA3}.Debug|Any CPU.Build.0 = Debug|Any CPU
		{F6EC99F5-9270-4DA9-8A3F-53A5E6F50DA3}.Release|Any CPU.ActiveCfg = Release|Any CPU
		{F6EC99F5-9270-4DA9-8A3F-53A5E6F50DA3}.Release|Any CPU.Build.0 = Release|Any CPU
	EndGlobalSection
	GlobalSection(SolutionProperties) = preSolution
		HideSolutionNode = FALSE
	EndGlobalSection
	GlobalSection(ExtensibilityGlobals) = postSolution
		SolutionGuid = {DFEB443B-D7B8-4CFB-BCE2-65E13FEF4E7B}
	EndGlobalSection
EndGlobal
